// !$*UTF8*$!
{
	archiveVersion = 1;
	classes = {
	};
	objectVersion = 51;
	objects = {

/* Begin PBXBuildFile section */
		0B2DFE3226F0CB6F002D533B /* PreviewViewController.swift in Sources */ = {isa = PBXBuildFile; fileRef = 0B2DFE3126F0CB6F002D533B /* PreviewViewController.swift */; };
		0B2DFE3426F0CB8B002D533B /* PreviewPresenter.swift in Sources */ = {isa = PBXBuildFile; fileRef = 0B2DFE3326F0CB8B002D533B /* PreviewPresenter.swift */; };
		0B2DFE3626F0CB9C002D533B /* PreviewProtocol.swift in Sources */ = {isa = PBXBuildFile; fileRef = 0B2DFE3526F0CB9C002D533B /* PreviewProtocol.swift */; };
		0B2DFE3826F0CBAB002D533B /* PreviewRouter.swift in Sources */ = {isa = PBXBuildFile; fileRef = 0B2DFE3726F0CBAB002D533B /* PreviewRouter.swift */; };
		0B2DFE3A26F0CBBD002D533B /* PreviewInteracter.swift in Sources */ = {isa = PBXBuildFile; fileRef = 0B2DFE3926F0CBBD002D533B /* PreviewInteracter.swift */; };
		0B2DFE3C26F70538002D533B /* ModelDatabaseHelper.swift in Sources */ = {isa = PBXBuildFile; fileRef = 0B2DFE3B26F70538002D533B /* ModelDatabaseHelper.swift */; };
		0B51B1FE26A8210E00216054 /* CameraViewController.swift in Sources */ = {isa = PBXBuildFile; fileRef = 0B51B1F926A8210E00216054 /* CameraViewController.swift */; };
		0B51B1FF26A8210E00216054 /* CameraRouter.swift in Sources */ = {isa = PBXBuildFile; fileRef = 0B51B1FA26A8210E00216054 /* CameraRouter.swift */; };
		0B51B20026A8210E00216054 /* CameraInteracter.swift in Sources */ = {isa = PBXBuildFile; fileRef = 0B51B1FB26A8210E00216054 /* CameraInteracter.swift */; };
		0B51B20126A8210E00216054 /* CameraProtocol.swift in Sources */ = {isa = PBXBuildFile; fileRef = 0B51B1FC26A8210E00216054 /* CameraProtocol.swift */; };
		0B51B20226A8210E00216054 /* CameraPresenter.swift in Sources */ = {isa = PBXBuildFile; fileRef = 0B51B1FD26A8210E00216054 /* CameraPresenter.swift */; };
		0B657DDD270D9D9E009323E9 /* DogInfoDatabaseHelper.swift in Sources */ = {isa = PBXBuildFile; fileRef = 0B657DDC270D9D9E009323E9 /* DogInfoDatabaseHelper.swift */; };
		0B73460F26861D62007CE6CF /* SettingViewController.swift in Sources */ = {isa = PBXBuildFile; fileRef = 0B73460E26861D62007CE6CF /* SettingViewController.swift */; };
		0B73461126861D76007CE6CF /* SettingInteracter.swift in Sources */ = {isa = PBXBuildFile; fileRef = 0B73461026861D76007CE6CF /* SettingInteracter.swift */; };
		0B73461326861D87007CE6CF /* SettingProtocol.swift in Sources */ = {isa = PBXBuildFile; fileRef = 0B73461226861D87007CE6CF /* SettingProtocol.swift */; };
		0B73461526861D98007CE6CF /* SettingPresenter.swift in Sources */ = {isa = PBXBuildFile; fileRef = 0B73461426861D98007CE6CF /* SettingPresenter.swift */; };
		0B73461826861DB5007CE6CF /* SettingRouter.swift in Sources */ = {isa = PBXBuildFile; fileRef = 0B73461726861DB5007CE6CF /* SettingRouter.swift */; };
		0B734631268CA2C7007CE6CF /* CustomTabBarController.swift in Sources */ = {isa = PBXBuildFile; fileRef = 0B734630268CA2C7007CE6CF /* CustomTabBarController.swift */; };
		0B9F63E6270DDB4F00CF3F0C /* LocalPushViewController.swift in Sources */ = {isa = PBXBuildFile; fileRef = 0B9F63E5270DDB4F00CF3F0C /* LocalPushViewController.swift */; };
		0B9F63E8270DDB8E00CF3F0C /* LocalPushInteracter.swift in Sources */ = {isa = PBXBuildFile; fileRef = 0B9F63E7270DDB8E00CF3F0C /* LocalPushInteracter.swift */; };
		0B9F63EA270DDBF400CF3F0C /* LocalPushPresenter.swift in Sources */ = {isa = PBXBuildFile; fileRef = 0B9F63E9270DDBF400CF3F0C /* LocalPushPresenter.swift */; };
		0B9F63EC270DDC0400CF3F0C /* LocalPushProtocol.swift in Sources */ = {isa = PBXBuildFile; fileRef = 0B9F63EB270DDC0400CF3F0C /* LocalPushProtocol.swift */; };
		0B9F63EE270DDC1800CF3F0C /* LocalPushRouter.swift in Sources */ = {isa = PBXBuildFile; fileRef = 0B9F63ED270DDC1800CF3F0C /* LocalPushRouter.swift */; };
		0B9F63F0270E909700CF3F0C /* ProfileViewController.swift in Sources */ = {isa = PBXBuildFile; fileRef = 0B9F63EF270E909700CF3F0C /* ProfileViewController.swift */; };
		0B9F63F2270E90BC00CF3F0C /* ProfilePresenter.swift in Sources */ = {isa = PBXBuildFile; fileRef = 0B9F63F1270E90BC00CF3F0C /* ProfilePresenter.swift */; };
		0B9F63F4270E910000CF3F0C /* ProfileProtocol.swift in Sources */ = {isa = PBXBuildFile; fileRef = 0B9F63F3270E910000CF3F0C /* ProfileProtocol.swift */; };
		0B9F63F6270E910D00CF3F0C /* ProfileRouter.swift in Sources */ = {isa = PBXBuildFile; fileRef = 0B9F63F5270E910D00CF3F0C /* ProfileRouter.swift */; };
		0B9F63F8270E911700CF3F0C /* ProfileInteracter.swift in Sources */ = {isa = PBXBuildFile; fileRef = 0B9F63F7270E911700CF3F0C /* ProfileInteracter.swift */; };
		0B9F641E2714614100CF3F0C /* NotificationHelper.swift in Sources */ = {isa = PBXBuildFile; fileRef = 0B9F641D2714614100CF3F0C /* NotificationHelper.swift */; };
		0BB27ECB271D942900721A5F /* DisMissAnimation.swift in Sources */ = {isa = PBXBuildFile; fileRef = 0BB27ECA271D942900721A5F /* DisMissAnimation.swift */; };
		0BB27ECD2720316D00721A5F /* HomeProfileViewCell.swift in Sources */ = {isa = PBXBuildFile; fileRef = 0BB27ECC2720316D00721A5F /* HomeProfileViewCell.swift */; };
		0BB27ECF2721005E00721A5F /* HomeFooterCell.swift in Sources */ = {isa = PBXBuildFile; fileRef = 0BB27ECE2721005E00721A5F /* HomeFooterCell.swift */; };
		0BB27ED227217EB100721A5F /* SideMenuViewController.swift in Sources */ = {isa = PBXBuildFile; fileRef = 0BB27ED127217EB100721A5F /* SideMenuViewController.swift */; };
		0BB27EDE27225E6F00721A5F /* SideMenuCell.swift in Sources */ = {isa = PBXBuildFile; fileRef = 0BB27EDD27225E6F00721A5F /* SideMenuCell.swift */; };
		0BB27EE0272268C200721A5F /* SideMenuProtocol.swift in Sources */ = {isa = PBXBuildFile; fileRef = 0BB27EDF272268C200721A5F /* SideMenuProtocol.swift */; };
		0BB27EE2272268E300721A5F /* SideMenuPresenter.swift in Sources */ = {isa = PBXBuildFile; fileRef = 0BB27EE1272268E300721A5F /* SideMenuPresenter.swift */; };
		0BB27EE4272268F300721A5F /* SideMenuRouter.swift in Sources */ = {isa = PBXBuildFile; fileRef = 0BB27EE3272268F300721A5F /* SideMenuRouter.swift */; };
		0BB27EE62722690800721A5F /* SideMenuInteractor.swift in Sources */ = {isa = PBXBuildFile; fileRef = 0BB27EE52722690800721A5F /* SideMenuInteractor.swift */; };
		0BB27EE92726EA1B00721A5F /* HomeEventCell.swift in Sources */ = {isa = PBXBuildFile; fileRef = 0BB27EE82726EA1B00721A5F /* HomeEventCell.swift */; };
		0BB70AD22758F946003956DC /* PreviewCollectionViewCell.swift in Sources */ = {isa = PBXBuildFile; fileRef = 0BB70AD12758F946003956DC /* PreviewCollectionViewCell.swift */; };
		0BD2208A26E776B10064A8F6 /* HomeTableViewCell.swift in Sources */ = {isa = PBXBuildFile; fileRef = 0BD2208926E776B10064A8F6 /* HomeTableViewCell.swift */; };
		0BD7856D27522B2D00E3DB1C /* CreatePresenter.swift in Sources */ = {isa = PBXBuildFile; fileRef = 0BD7856C27522B2D00E3DB1C /* CreatePresenter.swift */; };
		0BD7856F27522B4900E3DB1C /* CreateInteractor.swift in Sources */ = {isa = PBXBuildFile; fileRef = 0BD7856E27522B4900E3DB1C /* CreateInteractor.swift */; };
		0BD7857127522B5200E3DB1C /* CreateProtocol.swift in Sources */ = {isa = PBXBuildFile; fileRef = 0BD7857027522B5200E3DB1C /* CreateProtocol.swift */; };
		0BD7857327522B5C00E3DB1C /* CreateRouter.swift in Sources */ = {isa = PBXBuildFile; fileRef = 0BD7857227522B5C00E3DB1C /* CreateRouter.swift */; };
		0BE0C42A27301BB500BE558C /* TutorialViewController.swift in Sources */ = {isa = PBXBuildFile; fileRef = 0BE0C42927301BB500BE558C /* TutorialViewController.swift */; };
		0BE0C42C27301FB200BE558C /* FirstViewController.swift in Sources */ = {isa = PBXBuildFile; fileRef = 0BE0C42B27301FB200BE558C /* FirstViewController.swift */; };
		0BE0C42E2730219400BE558C /* SecondViewController.swift in Sources */ = {isa = PBXBuildFile; fileRef = 0BE0C42D2730219400BE558C /* SecondViewController.swift */; };
		0BE0C4302730270500BE558C /* ThirdViewController.swift in Sources */ = {isa = PBXBuildFile; fileRef = 0BE0C42F2730270500BE558C /* ThirdViewController.swift */; };
		0BE0C43327303A4300BE558C /* InitViewController.swift in Sources */ = {isa = PBXBuildFile; fileRef = 0BE0C43227303A4300BE558C /* InitViewController.swift */; };
		0BE0C43527303A5500BE558C /* InitProtocol.swift in Sources */ = {isa = PBXBuildFile; fileRef = 0BE0C43427303A5500BE558C /* InitProtocol.swift */; };
		0BE0C43727303A6B00BE558C /* InitPresenter.swift in Sources */ = {isa = PBXBuildFile; fileRef = 0BE0C43627303A6B00BE558C /* InitPresenter.swift */; };
		0BE0C43927303A7800BE558C /* InitInteracter.swift in Sources */ = {isa = PBXBuildFile; fileRef = 0BE0C43827303A7800BE558C /* InitInteracter.swift */; };
		0BE0C43B27303A8200BE558C /* InitRouter.swift in Sources */ = {isa = PBXBuildFile; fileRef = 0BE0C43A27303A8200BE558C /* InitRouter.swift */; };
		0BE0C46527329C1C00BE558C /* DogInfo+CoreDataClass.swift in Sources */ = {isa = PBXBuildFile; fileRef = 0BE0C46127329C1C00BE558C /* DogInfo+CoreDataClass.swift */; };
		0BE0C46627329C1C00BE558C /* DogInfo+CoreDataProperties.swift in Sources */ = {isa = PBXBuildFile; fileRef = 0BE0C46227329C1C00BE558C /* DogInfo+CoreDataProperties.swift */; };
		0BE0C46727329C1C00BE558C /* Model+CoreDataClass.swift in Sources */ = {isa = PBXBuildFile; fileRef = 0BE0C46327329C1C00BE558C /* Model+CoreDataClass.swift */; };
		0BE0C46827329C1C00BE558C /* Model+CoreDataProperties.swift in Sources */ = {isa = PBXBuildFile; fileRef = 0BE0C46427329C1C00BE558C /* Model+CoreDataProperties.swift */; };
		0BE0C46D27425EA200BE558C /* Extensions.swift in Sources */ = {isa = PBXBuildFile; fileRef = 0BE0C46C27425EA100BE558C /* Extensions.swift */; };
		0BE0C4712743EA1C00BE558C /* CreateViewController.swift in Sources */ = {isa = PBXBuildFile; fileRef = 0BE0C4702743EA1C00BE558C /* CreateViewController.swift */; };
		0BE0C477274BAA3F00BE558C /* CollectionViewController.swift in Sources */ = {isa = PBXBuildFile; fileRef = 0BE0C476274BAA3F00BE558C /* CollectionViewController.swift */; };
		0BE0C479274BAA9600BE558C /* CollectionPresenter.swift in Sources */ = {isa = PBXBuildFile; fileRef = 0BE0C478274BAA9600BE558C /* CollectionPresenter.swift */; };
		0BE0C47B274BAAA200BE558C /* CollectionProtocol.swift in Sources */ = {isa = PBXBuildFile; fileRef = 0BE0C47A274BAAA200BE558C /* CollectionProtocol.swift */; };
		0BE0C47D274BAABF00BE558C /* CollectionInteracter.swift in Sources */ = {isa = PBXBuildFile; fileRef = 0BE0C47C274BAABF00BE558C /* CollectionInteracter.swift */; };
		0BE0C47F274BAAD600BE558C /* CollectionRouter.swift in Sources */ = {isa = PBXBuildFile; fileRef = 0BE0C47E274BAAD600BE558C /* CollectionRouter.swift */; };
		0BE0C482274BB17C00BE558C /* MainViewController.swift in Sources */ = {isa = PBXBuildFile; fileRef = 0BE0C481274BB17C00BE558C /* MainViewController.swift */; };
		0BE0C484274BB24100BE558C /* MainPresenter.swift in Sources */ = {isa = PBXBuildFile; fileRef = 0BE0C483274BB24100BE558C /* MainPresenter.swift */; };
		0BE0C486274BB24900BE558C /* MainInteracter.swift in Sources */ = {isa = PBXBuildFile; fileRef = 0BE0C485274BB24900BE558C /* MainInteracter.swift */; };
		0BE0C488274BB25300BE558C /* MainProtocol.swift in Sources */ = {isa = PBXBuildFile; fileRef = 0BE0C487274BB25300BE558C /* MainProtocol.swift */; };
		0BE0C48A274BB25D00BE558C /* MainRouter.swift in Sources */ = {isa = PBXBuildFile; fileRef = 0BE0C489274BB25D00BE558C /* MainRouter.swift */; };
		0BE0C48C274BCD2E00BE558C /* CollectionViewCell.swift in Sources */ = {isa = PBXBuildFile; fileRef = 0BE0C48B274BCD2E00BE558C /* CollectionViewCell.swift */; };
		0BE0C490274D29ED00BE558C /* PinchViewController.swift in Sources */ = {isa = PBXBuildFile; fileRef = 0BE0C48F274D29ED00BE558C /* PinchViewController.swift */; };
		0BEAF9E62717F9FF008AAA3D /* AnimationTransition.swift in Sources */ = {isa = PBXBuildFile; fileRef = 0BEAF9E52717F9FF008AAA3D /* AnimationTransition.swift */; };
		0BF238362660C2EE007E48AC /* AppDelegate.swift in Sources */ = {isa = PBXBuildFile; fileRef = 0BF238352660C2EE007E48AC /* AppDelegate.swift */; };
		0BF238382660C2EE007E48AC /* SceneDelegate.swift in Sources */ = {isa = PBXBuildFile; fileRef = 0BF238372660C2EE007E48AC /* SceneDelegate.swift */; };
		0BF238402660C2EE007E48AC /* DogPicture.xcdatamodeld in Sources */ = {isa = PBXBuildFile; fileRef = 0BF2383E2660C2EE007E48AC /* DogPicture.xcdatamodeld */; };
		0BF238422660C2F1007E48AC /* Assets.xcassets in Resources */ = {isa = PBXBuildFile; fileRef = 0BF238412660C2F1007E48AC /* Assets.xcassets */; };
		0BF238452660C2F1007E48AC /* LaunchScreen.storyboard in Resources */ = {isa = PBXBuildFile; fileRef = 0BF238432660C2F1007E48AC /* LaunchScreen.storyboard */; };
		0BF2384F2660D5BE007E48AC /* HomeViewController.swift in Sources */ = {isa = PBXBuildFile; fileRef = 0BF2384E2660D5BE007E48AC /* HomeViewController.swift */; };
		0BF238512660D5DD007E48AC /* HomePresenter.swift in Sources */ = {isa = PBXBuildFile; fileRef = 0BF238502660D5DD007E48AC /* HomePresenter.swift */; };
		0BF238532660D5EE007E48AC /* HomeProtocol.swift in Sources */ = {isa = PBXBuildFile; fileRef = 0BF238522660D5EE007E48AC /* HomeProtocol.swift */; };
		0BF238552660D5FE007E48AC /* HomeViewRouter.swift in Sources */ = {isa = PBXBuildFile; fileRef = 0BF238542660D5FE007E48AC /* HomeViewRouter.swift */; };
		0BF238572660D628007E48AC /* HomeInteracter.swift in Sources */ = {isa = PBXBuildFile; fileRef = 0BF238562660D628007E48AC /* HomeInteracter.swift */; };
		0BF238592660D64D007E48AC /* MemoViewController.swift in Sources */ = {isa = PBXBuildFile; fileRef = 0BF238582660D64D007E48AC /* MemoViewController.swift */; };
		0BF2385B2660D667007E48AC /* MemoViewPresenter.swift in Sources */ = {isa = PBXBuildFile; fileRef = 0BF2385A2660D667007E48AC /* MemoViewPresenter.swift */; };
		0BF2385D2660D693007E48AC /* MemoViewRouter.swift in Sources */ = {isa = PBXBuildFile; fileRef = 0BF2385C2660D693007E48AC /* MemoViewRouter.swift */; };
		0BF2385F2660D6A6007E48AC /* MemoViewProtocol.swift in Sources */ = {isa = PBXBuildFile; fileRef = 0BF2385E2660D6A6007E48AC /* MemoViewProtocol.swift */; };
		0BF238612660D6CE007E48AC /* MemoViewInteracter.swift in Sources */ = {isa = PBXBuildFile; fileRef = 0BF238602660D6CE007E48AC /* MemoViewInteracter.swift */; };
		652E208B710784652D955719 /* Pods_DogPicture.framework in Frameworks */ = {isa = PBXBuildFile; fileRef = DC4945DD6F70BA9462A5133C /* Pods_DogPicture.framework */; };
/* End PBXBuildFile section */

/* Begin PBXFileReference section */
		0B2DFE3126F0CB6F002D533B /* PreviewViewController.swift */ = {isa = PBXFileReference; lastKnownFileType = sourcecode.swift; path = PreviewViewController.swift; sourceTree = "<group>"; };
		0B2DFE3326F0CB8B002D533B /* PreviewPresenter.swift */ = {isa = PBXFileReference; lastKnownFileType = sourcecode.swift; path = PreviewPresenter.swift; sourceTree = "<group>"; };
		0B2DFE3526F0CB9C002D533B /* PreviewProtocol.swift */ = {isa = PBXFileReference; lastKnownFileType = sourcecode.swift; path = PreviewProtocol.swift; sourceTree = "<group>"; };
		0B2DFE3726F0CBAB002D533B /* PreviewRouter.swift */ = {isa = PBXFileReference; lastKnownFileType = sourcecode.swift; path = PreviewRouter.swift; sourceTree = "<group>"; };
		0B2DFE3926F0CBBD002D533B /* PreviewInteracter.swift */ = {isa = PBXFileReference; lastKnownFileType = sourcecode.swift; path = PreviewInteracter.swift; sourceTree = "<group>"; };
		0B2DFE3B26F70538002D533B /* ModelDatabaseHelper.swift */ = {isa = PBXFileReference; lastKnownFileType = sourcecode.swift; path = ModelDatabaseHelper.swift; sourceTree = "<group>"; };
		0B51B1F926A8210E00216054 /* CameraViewController.swift */ = {isa = PBXFileReference; fileEncoding = 4; lastKnownFileType = sourcecode.swift; path = CameraViewController.swift; sourceTree = "<group>"; };
		0B51B1FA26A8210E00216054 /* CameraRouter.swift */ = {isa = PBXFileReference; fileEncoding = 4; lastKnownFileType = sourcecode.swift; path = CameraRouter.swift; sourceTree = "<group>"; };
		0B51B1FB26A8210E00216054 /* CameraInteracter.swift */ = {isa = PBXFileReference; fileEncoding = 4; lastKnownFileType = sourcecode.swift; path = CameraInteracter.swift; sourceTree = "<group>"; };
		0B51B1FC26A8210E00216054 /* CameraProtocol.swift */ = {isa = PBXFileReference; fileEncoding = 4; lastKnownFileType = sourcecode.swift; path = CameraProtocol.swift; sourceTree = "<group>"; };
		0B51B1FD26A8210E00216054 /* CameraPresenter.swift */ = {isa = PBXFileReference; fileEncoding = 4; lastKnownFileType = sourcecode.swift; path = CameraPresenter.swift; sourceTree = "<group>"; };
		0B657DDC270D9D9E009323E9 /* DogInfoDatabaseHelper.swift */ = {isa = PBXFileReference; lastKnownFileType = sourcecode.swift; path = DogInfoDatabaseHelper.swift; sourceTree = "<group>"; };
		0B73460E26861D62007CE6CF /* SettingViewController.swift */ = {isa = PBXFileReference; lastKnownFileType = sourcecode.swift; path = SettingViewController.swift; sourceTree = "<group>"; };
		0B73461026861D76007CE6CF /* SettingInteracter.swift */ = {isa = PBXFileReference; lastKnownFileType = sourcecode.swift; path = SettingInteracter.swift; sourceTree = "<group>"; };
		0B73461226861D87007CE6CF /* SettingProtocol.swift */ = {isa = PBXFileReference; lastKnownFileType = sourcecode.swift; path = SettingProtocol.swift; sourceTree = "<group>"; };
		0B73461426861D98007CE6CF /* SettingPresenter.swift */ = {isa = PBXFileReference; lastKnownFileType = sourcecode.swift; path = SettingPresenter.swift; sourceTree = "<group>"; };
		0B73461726861DB5007CE6CF /* SettingRouter.swift */ = {isa = PBXFileReference; lastKnownFileType = sourcecode.swift; path = SettingRouter.swift; sourceTree = "<group>"; };
		0B734630268CA2C7007CE6CF /* CustomTabBarController.swift */ = {isa = PBXFileReference; lastKnownFileType = sourcecode.swift; path = CustomTabBarController.swift; sourceTree = "<group>"; };
		0B9F63E5270DDB4F00CF3F0C /* LocalPushViewController.swift */ = {isa = PBXFileReference; lastKnownFileType = sourcecode.swift; path = LocalPushViewController.swift; sourceTree = "<group>"; };
		0B9F63E7270DDB8E00CF3F0C /* LocalPushInteracter.swift */ = {isa = PBXFileReference; lastKnownFileType = sourcecode.swift; path = LocalPushInteracter.swift; sourceTree = "<group>"; };
		0B9F63E9270DDBF400CF3F0C /* LocalPushPresenter.swift */ = {isa = PBXFileReference; lastKnownFileType = sourcecode.swift; path = LocalPushPresenter.swift; sourceTree = "<group>"; };
		0B9F63EB270DDC0400CF3F0C /* LocalPushProtocol.swift */ = {isa = PBXFileReference; lastKnownFileType = sourcecode.swift; path = LocalPushProtocol.swift; sourceTree = "<group>"; };
		0B9F63ED270DDC1800CF3F0C /* LocalPushRouter.swift */ = {isa = PBXFileReference; lastKnownFileType = sourcecode.swift; path = LocalPushRouter.swift; sourceTree = "<group>"; };
		0B9F63EF270E909700CF3F0C /* ProfileViewController.swift */ = {isa = PBXFileReference; lastKnownFileType = sourcecode.swift; path = ProfileViewController.swift; sourceTree = "<group>"; };
		0B9F63F1270E90BC00CF3F0C /* ProfilePresenter.swift */ = {isa = PBXFileReference; lastKnownFileType = sourcecode.swift; path = ProfilePresenter.swift; sourceTree = "<group>"; };
		0B9F63F3270E910000CF3F0C /* ProfileProtocol.swift */ = {isa = PBXFileReference; lastKnownFileType = sourcecode.swift; path = ProfileProtocol.swift; sourceTree = "<group>"; };
		0B9F63F5270E910D00CF3F0C /* ProfileRouter.swift */ = {isa = PBXFileReference; lastKnownFileType = sourcecode.swift; path = ProfileRouter.swift; sourceTree = "<group>"; };
		0B9F63F7270E911700CF3F0C /* ProfileInteracter.swift */ = {isa = PBXFileReference; lastKnownFileType = sourcecode.swift; path = ProfileInteracter.swift; sourceTree = "<group>"; };
		0B9F641D2714614100CF3F0C /* NotificationHelper.swift */ = {isa = PBXFileReference; lastKnownFileType = sourcecode.swift; path = NotificationHelper.swift; sourceTree = "<group>"; };
		0BB27ECA271D942900721A5F /* DisMissAnimation.swift */ = {isa = PBXFileReference; lastKnownFileType = sourcecode.swift; path = DisMissAnimation.swift; sourceTree = "<group>"; };
		0BB27ECC2720316D00721A5F /* HomeProfileViewCell.swift */ = {isa = PBXFileReference; lastKnownFileType = sourcecode.swift; path = HomeProfileViewCell.swift; sourceTree = "<group>"; };
		0BB27ECE2721005E00721A5F /* HomeFooterCell.swift */ = {isa = PBXFileReference; lastKnownFileType = sourcecode.swift; path = HomeFooterCell.swift; sourceTree = "<group>"; };
		0BB27ED127217EB100721A5F /* SideMenuViewController.swift */ = {isa = PBXFileReference; lastKnownFileType = sourcecode.swift; path = SideMenuViewController.swift; sourceTree = "<group>"; };
		0BB27EDD27225E6F00721A5F /* SideMenuCell.swift */ = {isa = PBXFileReference; lastKnownFileType = sourcecode.swift; path = SideMenuCell.swift; sourceTree = "<group>"; };
		0BB27EDF272268C200721A5F /* SideMenuProtocol.swift */ = {isa = PBXFileReference; lastKnownFileType = sourcecode.swift; path = SideMenuProtocol.swift; sourceTree = "<group>"; };
		0BB27EE1272268E300721A5F /* SideMenuPresenter.swift */ = {isa = PBXFileReference; lastKnownFileType = sourcecode.swift; path = SideMenuPresenter.swift; sourceTree = "<group>"; };
		0BB27EE3272268F300721A5F /* SideMenuRouter.swift */ = {isa = PBXFileReference; lastKnownFileType = sourcecode.swift; path = SideMenuRouter.swift; sourceTree = "<group>"; };
		0BB27EE52722690800721A5F /* SideMenuInteractor.swift */ = {isa = PBXFileReference; lastKnownFileType = sourcecode.swift; path = SideMenuInteractor.swift; sourceTree = "<group>"; };
		0BB27EE82726EA1B00721A5F /* HomeEventCell.swift */ = {isa = PBXFileReference; lastKnownFileType = sourcecode.swift; path = HomeEventCell.swift; sourceTree = "<group>"; };
		0BB70AD12758F946003956DC /* PreviewCollectionViewCell.swift */ = {isa = PBXFileReference; lastKnownFileType = sourcecode.swift; path = PreviewCollectionViewCell.swift; sourceTree = "<group>"; };
		0BD2208926E776B10064A8F6 /* HomeTableViewCell.swift */ = {isa = PBXFileReference; lastKnownFileType = sourcecode.swift; path = HomeTableViewCell.swift; sourceTree = "<group>"; };
		0BD7856C27522B2D00E3DB1C /* CreatePresenter.swift */ = {isa = PBXFileReference; lastKnownFileType = sourcecode.swift; path = CreatePresenter.swift; sourceTree = "<group>"; };
		0BD7856E27522B4900E3DB1C /* CreateInteractor.swift */ = {isa = PBXFileReference; lastKnownFileType = sourcecode.swift; path = CreateInteractor.swift; sourceTree = "<group>"; };
		0BD7857027522B5200E3DB1C /* CreateProtocol.swift */ = {isa = PBXFileReference; lastKnownFileType = sourcecode.swift; path = CreateProtocol.swift; sourceTree = "<group>"; };
		0BD7857227522B5C00E3DB1C /* CreateRouter.swift */ = {isa = PBXFileReference; lastKnownFileType = sourcecode.swift; path = CreateRouter.swift; sourceTree = "<group>"; };
		0BE0C42927301BB500BE558C /* TutorialViewController.swift */ = {isa = PBXFileReference; lastKnownFileType = sourcecode.swift; path = TutorialViewController.swift; sourceTree = "<group>"; };
		0BE0C42B27301FB200BE558C /* FirstViewController.swift */ = {isa = PBXFileReference; lastKnownFileType = sourcecode.swift; path = FirstViewController.swift; sourceTree = "<group>"; };
		0BE0C42D2730219400BE558C /* SecondViewController.swift */ = {isa = PBXFileReference; lastKnownFileType = sourcecode.swift; path = SecondViewController.swift; sourceTree = "<group>"; };
		0BE0C42F2730270500BE558C /* ThirdViewController.swift */ = {isa = PBXFileReference; lastKnownFileType = sourcecode.swift; path = ThirdViewController.swift; sourceTree = "<group>"; };
		0BE0C43227303A4300BE558C /* InitViewController.swift */ = {isa = PBXFileReference; lastKnownFileType = sourcecode.swift; path = InitViewController.swift; sourceTree = "<group>"; };
		0BE0C43427303A5500BE558C /* InitProtocol.swift */ = {isa = PBXFileReference; lastKnownFileType = sourcecode.swift; path = InitProtocol.swift; sourceTree = "<group>"; };
		0BE0C43627303A6B00BE558C /* InitPresenter.swift */ = {isa = PBXFileReference; lastKnownFileType = sourcecode.swift; path = InitPresenter.swift; sourceTree = "<group>"; };
		0BE0C43827303A7800BE558C /* InitInteracter.swift */ = {isa = PBXFileReference; lastKnownFileType = sourcecode.swift; path = InitInteracter.swift; sourceTree = "<group>"; };
		0BE0C43A27303A8200BE558C /* InitRouter.swift */ = {isa = PBXFileReference; lastKnownFileType = sourcecode.swift; path = InitRouter.swift; sourceTree = "<group>"; };
		0BE0C46127329C1C00BE558C /* DogInfo+CoreDataClass.swift */ = {isa = PBXFileReference; lastKnownFileType = sourcecode.swift; path = "DogInfo+CoreDataClass.swift"; sourceTree = SOURCE_ROOT; };
		0BE0C46227329C1C00BE558C /* DogInfo+CoreDataProperties.swift */ = {isa = PBXFileReference; lastKnownFileType = sourcecode.swift; path = "DogInfo+CoreDataProperties.swift"; sourceTree = SOURCE_ROOT; };
		0BE0C46327329C1C00BE558C /* Model+CoreDataClass.swift */ = {isa = PBXFileReference; lastKnownFileType = sourcecode.swift; path = "Model+CoreDataClass.swift"; sourceTree = SOURCE_ROOT; };
		0BE0C46427329C1C00BE558C /* Model+CoreDataProperties.swift */ = {isa = PBXFileReference; lastKnownFileType = sourcecode.swift; path = "Model+CoreDataProperties.swift"; sourceTree = SOURCE_ROOT; };
		0BE0C46C27425EA100BE558C /* Extensions.swift */ = {isa = PBXFileReference; lastKnownFileType = sourcecode.swift; path = Extensions.swift; sourceTree = "<group>"; };
		0BE0C4702743EA1C00BE558C /* CreateViewController.swift */ = {isa = PBXFileReference; lastKnownFileType = sourcecode.swift; path = CreateViewController.swift; sourceTree = "<group>"; };
		0BE0C476274BAA3F00BE558C /* CollectionViewController.swift */ = {isa = PBXFileReference; lastKnownFileType = sourcecode.swift; path = CollectionViewController.swift; sourceTree = "<group>"; };
		0BE0C478274BAA9600BE558C /* CollectionPresenter.swift */ = {isa = PBXFileReference; lastKnownFileType = sourcecode.swift; path = CollectionPresenter.swift; sourceTree = "<group>"; };
		0BE0C47A274BAAA200BE558C /* CollectionProtocol.swift */ = {isa = PBXFileReference; lastKnownFileType = sourcecode.swift; path = CollectionProtocol.swift; sourceTree = "<group>"; };
		0BE0C47C274BAABF00BE558C /* CollectionInteracter.swift */ = {isa = PBXFileReference; lastKnownFileType = sourcecode.swift; path = CollectionInteracter.swift; sourceTree = "<group>"; };
		0BE0C47E274BAAD600BE558C /* CollectionRouter.swift */ = {isa = PBXFileReference; lastKnownFileType = sourcecode.swift; path = CollectionRouter.swift; sourceTree = "<group>"; };
		0BE0C481274BB17C00BE558C /* MainViewController.swift */ = {isa = PBXFileReference; lastKnownFileType = sourcecode.swift; path = MainViewController.swift; sourceTree = "<group>"; };
		0BE0C483274BB24100BE558C /* MainPresenter.swift */ = {isa = PBXFileReference; lastKnownFileType = sourcecode.swift; path = MainPresenter.swift; sourceTree = "<group>"; };
		0BE0C485274BB24900BE558C /* MainInteracter.swift */ = {isa = PBXFileReference; lastKnownFileType = sourcecode.swift; path = MainInteracter.swift; sourceTree = "<group>"; };
		0BE0C487274BB25300BE558C /* MainProtocol.swift */ = {isa = PBXFileReference; lastKnownFileType = sourcecode.swift; path = MainProtocol.swift; sourceTree = "<group>"; };
		0BE0C489274BB25D00BE558C /* MainRouter.swift */ = {isa = PBXFileReference; lastKnownFileType = sourcecode.swift; path = MainRouter.swift; sourceTree = "<group>"; };
		0BE0C48B274BCD2E00BE558C /* CollectionViewCell.swift */ = {isa = PBXFileReference; lastKnownFileType = sourcecode.swift; path = CollectionViewCell.swift; sourceTree = "<group>"; };
		0BE0C48F274D29ED00BE558C /* PinchViewController.swift */ = {isa = PBXFileReference; lastKnownFileType = sourcecode.swift; path = PinchViewController.swift; sourceTree = "<group>"; };
		0BEAF9E52717F9FF008AAA3D /* AnimationTransition.swift */ = {isa = PBXFileReference; lastKnownFileType = sourcecode.swift; path = AnimationTransition.swift; sourceTree = "<group>"; };
		0BF238322660C2EE007E48AC /* DogPicture.app */ = {isa = PBXFileReference; explicitFileType = wrapper.application; includeInIndex = 0; path = DogPicture.app; sourceTree = BUILT_PRODUCTS_DIR; };
		0BF238352660C2EE007E48AC /* AppDelegate.swift */ = {isa = PBXFileReference; lastKnownFileType = sourcecode.swift; path = AppDelegate.swift; sourceTree = "<group>"; };
		0BF238372660C2EE007E48AC /* SceneDelegate.swift */ = {isa = PBXFileReference; lastKnownFileType = sourcecode.swift; path = SceneDelegate.swift; sourceTree = "<group>"; };
		0BF2383F2660C2EE007E48AC /* DogPicture.xcdatamodel */ = {isa = PBXFileReference; lastKnownFileType = wrapper.xcdatamodel; path = DogPicture.xcdatamodel; sourceTree = "<group>"; };
		0BF238412660C2F1007E48AC /* Assets.xcassets */ = {isa = PBXFileReference; lastKnownFileType = folder.assetcatalog; path = Assets.xcassets; sourceTree = "<group>"; };
		0BF238442660C2F1007E48AC /* Base */ = {isa = PBXFileReference; lastKnownFileType = file.storyboard; name = Base; path = Base.lproj/LaunchScreen.storyboard; sourceTree = "<group>"; };
		0BF238462660C2F1007E48AC /* Info.plist */ = {isa = PBXFileReference; lastKnownFileType = text.plist.xml; path = Info.plist; sourceTree = "<group>"; };
		0BF2384E2660D5BE007E48AC /* HomeViewController.swift */ = {isa = PBXFileReference; lastKnownFileType = sourcecode.swift; path = HomeViewController.swift; sourceTree = "<group>"; };
		0BF238502660D5DD007E48AC /* HomePresenter.swift */ = {isa = PBXFileReference; lastKnownFileType = sourcecode.swift; path = HomePresenter.swift; sourceTree = "<group>"; };
		0BF238522660D5EE007E48AC /* HomeProtocol.swift */ = {isa = PBXFileReference; lastKnownFileType = sourcecode.swift; path = HomeProtocol.swift; sourceTree = "<group>"; };
		0BF238542660D5FE007E48AC /* HomeViewRouter.swift */ = {isa = PBXFileReference; lastKnownFileType = sourcecode.swift; path = HomeViewRouter.swift; sourceTree = "<group>"; };
		0BF238562660D628007E48AC /* HomeInteracter.swift */ = {isa = PBXFileReference; lastKnownFileType = sourcecode.swift; path = HomeInteracter.swift; sourceTree = "<group>"; };
		0BF238582660D64D007E48AC /* MemoViewController.swift */ = {isa = PBXFileReference; lastKnownFileType = sourcecode.swift; path = MemoViewController.swift; sourceTree = "<group>"; };
		0BF2385A2660D667007E48AC /* MemoViewPresenter.swift */ = {isa = PBXFileReference; lastKnownFileType = sourcecode.swift; path = MemoViewPresenter.swift; sourceTree = "<group>"; };
		0BF2385C2660D693007E48AC /* MemoViewRouter.swift */ = {isa = PBXFileReference; lastKnownFileType = sourcecode.swift; path = MemoViewRouter.swift; sourceTree = "<group>"; };
		0BF2385E2660D6A6007E48AC /* MemoViewProtocol.swift */ = {isa = PBXFileReference; lastKnownFileType = sourcecode.swift; path = MemoViewProtocol.swift; sourceTree = "<group>"; };
		0BF238602660D6CE007E48AC /* MemoViewInteracter.swift */ = {isa = PBXFileReference; lastKnownFileType = sourcecode.swift; path = MemoViewInteracter.swift; sourceTree = "<group>"; };
		6719164F8D930F4F41189534 /* Pods-DogPicture.debug.xcconfig */ = {isa = PBXFileReference; includeInIndex = 1; lastKnownFileType = text.xcconfig; name = "Pods-DogPicture.debug.xcconfig"; path = "Target Support Files/Pods-DogPicture/Pods-DogPicture.debug.xcconfig"; sourceTree = "<group>"; };
		73F0D253AF45C332428DC6CA /* Pods-DogPicture.release.xcconfig */ = {isa = PBXFileReference; includeInIndex = 1; lastKnownFileType = text.xcconfig; name = "Pods-DogPicture.release.xcconfig"; path = "Target Support Files/Pods-DogPicture/Pods-DogPicture.release.xcconfig"; sourceTree = "<group>"; };
		DC4945DD6F70BA9462A5133C /* Pods_DogPicture.framework */ = {isa = PBXFileReference; explicitFileType = wrapper.framework; includeInIndex = 0; path = Pods_DogPicture.framework; sourceTree = BUILT_PRODUCTS_DIR; };
/* End PBXFileReference section */

/* Begin PBXFrameworksBuildPhase section */
		0BF2382F2660C2EE007E48AC /* Frameworks */ = {
			isa = PBXFrameworksBuildPhase;
			buildActionMask = 2147483647;
			files = (
				652E208B710784652D955719 /* Pods_DogPicture.framework in Frameworks */,
			);
			runOnlyForDeploymentPostprocessing = 0;
		};
/* End PBXFrameworksBuildPhase section */

/* Begin PBXGroup section */
		0B2DFE3026F0CB34002D533B /* PreviewView */ = {
			isa = PBXGroup;
			children = (
				0B2DFE3126F0CB6F002D533B /* PreviewViewController.swift */,
				0B2DFE3326F0CB8B002D533B /* PreviewPresenter.swift */,
				0B2DFE3526F0CB9C002D533B /* PreviewProtocol.swift */,
				0B2DFE3726F0CBAB002D533B /* PreviewRouter.swift */,
				0B2DFE3926F0CBBD002D533B /* PreviewInteracter.swift */,
				0BB70AD12758F946003956DC /* PreviewCollectionViewCell.swift */,
			);
			path = PreviewView;
			sourceTree = "<group>";
		};
		0B657DDA2705A7AC009323E9 /* SettingView */ = {
			isa = PBXGroup;
			children = (
				0B73460E26861D62007CE6CF /* SettingViewController.swift */,
				0B73461426861D98007CE6CF /* SettingPresenter.swift */,
				0B73461226861D87007CE6CF /* SettingProtocol.swift */,
				0B73461726861DB5007CE6CF /* SettingRouter.swift */,
				0B73461026861D76007CE6CF /* SettingInteracter.swift */,
			);
			path = SettingView;
			sourceTree = "<group>";
		};
		0B657DDB2705A7BF009323E9 /* ProfileView */ = {
			isa = PBXGroup;
			children = (
				0B9F63EF270E909700CF3F0C /* ProfileViewController.swift */,
				0B9F63F1270E90BC00CF3F0C /* ProfilePresenter.swift */,
				0B9F63F3270E910000CF3F0C /* ProfileProtocol.swift */,
				0B9F63F5270E910D00CF3F0C /* ProfileRouter.swift */,
				0B9F63F7270E911700CF3F0C /* ProfileInteracter.swift */,
			);
			path = ProfileView;
			sourceTree = "<group>";
		};
		0B73460126834780007CE6CF /* Camera */ = {
			isa = PBXGroup;
			children = (
				0B73462E268B36F9007CE6CF /* CameraView */,
				0B2DFE3026F0CB34002D533B /* PreviewView */,
				0BB27EE727264BCA00721A5F /* CaptureTextEdit */,
			);
			path = Camera;
			sourceTree = "<group>";
		};
		0B7346022683479C007CE6CF /* Setting */ = {
			isa = PBXGroup;
			children = (
				0B657DDA2705A7AC009323E9 /* SettingView */,
				0B657DDB2705A7BF009323E9 /* ProfileView */,
				0B9F63E4270DD90C00CF3F0C /* LocalPushView */,
			);
			path = Setting;
			sourceTree = "<group>";
		};
		0B734603268347D6007CE6CF /* MainView */ = {
			isa = PBXGroup;
			children = (
				0BE0C480274BB16C00BE558C /* MainView */,
				0BE0C475274BAA2300BE558C /* HomeCollection */,
				0BEAF9E42717F9B4008AAA3D /* Transition */,
				0BF2384C2660D501007E48AC /* Home */,
				0BB27ED027217E8B00721A5F /* SideMenu */,
				0BF2384D2660D527007E48AC /* Memo */,
			);
			path = MainView;
			sourceTree = "<group>";
		};
		0B73461B2686F700007CE6CF /* DataBase */ = {
			isa = PBXGroup;
			children = (
				0B2DFE3B26F70538002D533B /* ModelDatabaseHelper.swift */,
				0B657DDC270D9D9E009323E9 /* DogInfoDatabaseHelper.swift */,
			);
			path = DataBase;
			sourceTree = "<group>";
		};
		0B734623268B19C3007CE6CF /* Library */ = {
			isa = PBXGroup;
			children = (
			);
			path = Library;
			sourceTree = "<group>";
		};
		0B73462E268B36F9007CE6CF /* CameraView */ = {
			isa = PBXGroup;
			children = (
				0B51B1F926A8210E00216054 /* CameraViewController.swift */,
				0B51B1FD26A8210E00216054 /* CameraPresenter.swift */,
				0B51B1FC26A8210E00216054 /* CameraProtocol.swift */,
				0B51B1FA26A8210E00216054 /* CameraRouter.swift */,
				0B51B1FB26A8210E00216054 /* CameraInteracter.swift */,
			);
			path = CameraView;
			sourceTree = "<group>";
		};
		0B73462F268CA28C007CE6CF /* TabBar */ = {
			isa = PBXGroup;
			children = (
				0B734630268CA2C7007CE6CF /* CustomTabBarController.swift */,
			);
			path = TabBar;
			sourceTree = "<group>";
		};
		0B9F63E4270DD90C00CF3F0C /* LocalPushView */ = {
			isa = PBXGroup;
			children = (
				0B9F63E5270DDB4F00CF3F0C /* LocalPushViewController.swift */,
				0B9F63E9270DDBF400CF3F0C /* LocalPushPresenter.swift */,
				0B9F63EB270DDC0400CF3F0C /* LocalPushProtocol.swift */,
				0B9F63ED270DDC1800CF3F0C /* LocalPushRouter.swift */,
				0B9F63E7270DDB8E00CF3F0C /* LocalPushInteracter.swift */,
			);
			path = LocalPushView;
			sourceTree = "<group>";
		};
		0B9F641C2714610700CF3F0C /* Notification */ = {
			isa = PBXGroup;
			children = (
				0B9F641D2714614100CF3F0C /* NotificationHelper.swift */,
			);
			path = Notification;
			sourceTree = "<group>";
		};
		0BB27ED027217E8B00721A5F /* SideMenu */ = {
			isa = PBXGroup;
			children = (
				0BB27ED127217EB100721A5F /* SideMenuViewController.swift */,
				0BB27EDD27225E6F00721A5F /* SideMenuCell.swift */,
				0BB27EE1272268E300721A5F /* SideMenuPresenter.swift */,
				0BB27EE3272268F300721A5F /* SideMenuRouter.swift */,
				0BB27EE52722690800721A5F /* SideMenuInteractor.swift */,
				0BB27EDF272268C200721A5F /* SideMenuProtocol.swift */,
			);
			path = SideMenu;
			sourceTree = "<group>";
		};
		0BB27EE727264BCA00721A5F /* CaptureTextEdit */ = {
			isa = PBXGroup;
			children = (
			);
			path = CaptureTextEdit;
			sourceTree = "<group>";
		};
		0BE0C42827301B7E00BE558C /* TutorialView */ = {
			isa = PBXGroup;
			children = (
				0BE0C42927301BB500BE558C /* TutorialViewController.swift */,
				0BE0C42B27301FB200BE558C /* FirstViewController.swift */,
				0BE0C42D2730219400BE558C /* SecondViewController.swift */,
				0BE0C42F2730270500BE558C /* ThirdViewController.swift */,
			);
			path = TutorialView;
			sourceTree = "<group>";
		};
		0BE0C431273039A500BE558C /* InitialSettingView */ = {
			isa = PBXGroup;
			children = (
				0BE0C43227303A4300BE558C /* InitViewController.swift */,
				0BE0C43627303A6B00BE558C /* InitPresenter.swift */,
				0BE0C43427303A5500BE558C /* InitProtocol.swift */,
				0BE0C43A27303A8200BE558C /* InitRouter.swift */,
				0BE0C43827303A7800BE558C /* InitInteracter.swift */,
			);
			path = InitialSettingView;
			sourceTree = "<group>";
		};
		0BE0C44027329A2500BE558C /* CoreDataInfo */ = {
			isa = PBXGroup;
			children = (
				0BE0C46327329C1C00BE558C /* Model+CoreDataClass.swift */,
				0BE0C46427329C1C00BE558C /* Model+CoreDataProperties.swift */,
				0BE0C46127329C1C00BE558C /* DogInfo+CoreDataClass.swift */,
				0BE0C46227329C1C00BE558C /* DogInfo+CoreDataProperties.swift */,
			);
			path = CoreDataInfo;
			sourceTree = "<group>";
		};
		0BE0C46B27425E1800BE558C /* Extensions */ = {
			isa = PBXGroup;
			children = (
				0BE0C46C27425EA100BE558C /* Extensions.swift */,
			);
			path = Extensions;
			sourceTree = "<group>";
		};
		0BE0C475274BAA2300BE558C /* HomeCollection */ = {
			isa = PBXGroup;
			children = (
				0BE0C476274BAA3F00BE558C /* CollectionViewController.swift */,
				0BE0C478274BAA9600BE558C /* CollectionPresenter.swift */,
				0BE0C47E274BAAD600BE558C /* CollectionRouter.swift */,
				0BE0C47A274BAAA200BE558C /* CollectionProtocol.swift */,
				0BE0C47C274BAABF00BE558C /* CollectionInteracter.swift */,
				0BE0C48B274BCD2E00BE558C /* CollectionViewCell.swift */,
			);
			path = HomeCollection;
			sourceTree = "<group>";
		};
		0BE0C480274BB16C00BE558C /* MainView */ = {
			isa = PBXGroup;
			children = (
				0BE0C481274BB17C00BE558C /* MainViewController.swift */,
				0BE0C483274BB24100BE558C /* MainPresenter.swift */,
				0BE0C485274BB24900BE558C /* MainInteracter.swift */,
				0BE0C489274BB25D00BE558C /* MainRouter.swift */,
				0BE0C487274BB25300BE558C /* MainProtocol.swift */,
			);
			path = MainView;
			sourceTree = "<group>";
		};
		0BE0C48E274D29CC00BE558C /* TestView */ = {
			isa = PBXGroup;
			children = (
				0BE0C48F274D29ED00BE558C /* PinchViewController.swift */,
			);
			path = TestView;
			sourceTree = "<group>";
		};
		0BE0C491274E7CB900BE558C /* CreateView */ = {
			isa = PBXGroup;
			children = (
				0BE0C4702743EA1C00BE558C /* CreateViewController.swift */,
				0BD7856C27522B2D00E3DB1C /* CreatePresenter.swift */,
				0BD7857227522B5C00E3DB1C /* CreateRouter.swift */,
				0BD7857027522B5200E3DB1C /* CreateProtocol.swift */,
				0BD7856E27522B4900E3DB1C /* CreateInteractor.swift */,
				0B73460126834780007CE6CF /* Camera */,
			);
			path = CreateView;
			sourceTree = "<group>";
		};
		0BEAF9E42717F9B4008AAA3D /* Transition */ = {
			isa = PBXGroup;
			children = (
				0BEAF9E52717F9FF008AAA3D /* AnimationTransition.swift */,
				0BB27ECA271D942900721A5F /* DisMissAnimation.swift */,
			);
			path = Transition;
			sourceTree = "<group>";
		};
		0BF238292660C2EE007E48AC = {
			isa = PBXGroup;
			children = (
				0BF238342660C2EE007E48AC /* DogPicture */,
				0BF238332660C2EE007E48AC /* Products */,
				26DCC1AEDCCD0ACC3C11726A /* Pods */,
				D2DEA8282397FA9B6E4359B9 /* Frameworks */,
			);
			sourceTree = "<group>";
		};
		0BF238332660C2EE007E48AC /* Products */ = {
			isa = PBXGroup;
			children = (
				0BF238322660C2EE007E48AC /* DogPicture.app */,
			);
			name = Products;
			sourceTree = "<group>";
		};
		0BF238342660C2EE007E48AC /* DogPicture */ = {
			isa = PBXGroup;
			children = (
				0BE0C48E274D29CC00BE558C /* TestView */,
				0BE0C44027329A2500BE558C /* CoreDataInfo */,
				0B9F641C2714610700CF3F0C /* Notification */,
				0B73461B2686F700007CE6CF /* DataBase */,
				0BE0C431273039A500BE558C /* InitialSettingView */,
				0BE0C42827301B7E00BE558C /* TutorialView */,
				0B73462F268CA28C007CE6CF /* TabBar */,
				0BE0C491274E7CB900BE558C /* CreateView */,
				0B734603268347D6007CE6CF /* MainView */,
				0B734623268B19C3007CE6CF /* Library */,
				0B7346022683479C007CE6CF /* Setting */,
				0BE0C46B27425E1800BE558C /* Extensions */,
				0BF238352660C2EE007E48AC /* AppDelegate.swift */,
				0BF238372660C2EE007E48AC /* SceneDelegate.swift */,
				0BF238412660C2F1007E48AC /* Assets.xcassets */,
				0BF238432660C2F1007E48AC /* LaunchScreen.storyboard */,
				0BF238462660C2F1007E48AC /* Info.plist */,
				0BF2383E2660C2EE007E48AC /* DogPicture.xcdatamodeld */,
			);
			path = DogPicture;
			sourceTree = "<group>";
		};
		0BF2384C2660D501007E48AC /* Home */ = {
			isa = PBXGroup;
			children = (
				0BF2384E2660D5BE007E48AC /* HomeViewController.swift */,
				0BB27ECC2720316D00721A5F /* HomeProfileViewCell.swift */,
				0BB27EE82726EA1B00721A5F /* HomeEventCell.swift */,
				0BD2208926E776B10064A8F6 /* HomeTableViewCell.swift */,
				0BB27ECE2721005E00721A5F /* HomeFooterCell.swift */,
				0BF238502660D5DD007E48AC /* HomePresenter.swift */,
				0BF238522660D5EE007E48AC /* HomeProtocol.swift */,
				0BF238542660D5FE007E48AC /* HomeViewRouter.swift */,
				0BF238562660D628007E48AC /* HomeInteracter.swift */,
			);
			path = Home;
			sourceTree = "<group>";
		};
		0BF2384D2660D527007E48AC /* Memo */ = {
			isa = PBXGroup;
			children = (
				0BF238582660D64D007E48AC /* MemoViewController.swift */,
				0BF2385A2660D667007E48AC /* MemoViewPresenter.swift */,
				0BF2385E2660D6A6007E48AC /* MemoViewProtocol.swift */,
				0BF2385C2660D693007E48AC /* MemoViewRouter.swift */,
				0BF238602660D6CE007E48AC /* MemoViewInteracter.swift */,
			);
			path = Memo;
			sourceTree = "<group>";
		};
		26DCC1AEDCCD0ACC3C11726A /* Pods */ = {
			isa = PBXGroup;
			children = (
				6719164F8D930F4F41189534 /* Pods-DogPicture.debug.xcconfig */,
				73F0D253AF45C332428DC6CA /* Pods-DogPicture.release.xcconfig */,
			);
			path = Pods;
			sourceTree = "<group>";
		};
		D2DEA8282397FA9B6E4359B9 /* Frameworks */ = {
			isa = PBXGroup;
			children = (
				DC4945DD6F70BA9462A5133C /* Pods_DogPicture.framework */,
			);
			name = Frameworks;
			sourceTree = "<group>";
		};
/* End PBXGroup section */

/* Begin PBXNativeTarget section */
		0BF238312660C2EE007E48AC /* DogPicture */ = {
			isa = PBXNativeTarget;
			buildConfigurationList = 0BF238492660C2F1007E48AC /* Build configuration list for PBXNativeTarget "DogPicture" */;
			buildPhases = (
				7E38BDD2A5DCCA955534E197 /* [CP] Check Pods Manifest.lock */,
				0BF2382E2660C2EE007E48AC /* Sources */,
				0BF2382F2660C2EE007E48AC /* Frameworks */,
				0BF238302660C2EE007E48AC /* Resources */,
				ED58E8449DCB65415197F3A9 /* [CP] Embed Pods Frameworks */,
			);
			buildRules = (
			);
			dependencies = (
			);
			name = DogPicture;
			productName = DogPicture;
			productReference = 0BF238322660C2EE007E48AC /* DogPicture.app */;
			productType = "com.apple.product-type.application";
		};
/* End PBXNativeTarget section */

/* Begin PBXProject section */
		0BF2382A2660C2EE007E48AC /* Project object */ = {
			isa = PBXProject;
			attributes = {
				LastSwiftUpdateCheck = 1250;
				LastUpgradeCheck = 1250;
				TargetAttributes = {
					0BF238312660C2EE007E48AC = {
						CreatedOnToolsVersion = 12.5;
					};
				};
			};
			buildConfigurationList = 0BF2382D2660C2EE007E48AC /* Build configuration list for PBXProject "DogPicture" */;
			compatibilityVersion = "Xcode 9.3";
			developmentRegion = en;
			hasScannedForEncodings = 0;
			knownRegions = (
				en,
				Base,
			);
			mainGroup = 0BF238292660C2EE007E48AC;
			productRefGroup = 0BF238332660C2EE007E48AC /* Products */;
			projectDirPath = "";
			projectRoot = "";
			targets = (
				0BF238312660C2EE007E48AC /* DogPicture */,
			);
		};
/* End PBXProject section */

/* Begin PBXResourcesBuildPhase section */
		0BF238302660C2EE007E48AC /* Resources */ = {
			isa = PBXResourcesBuildPhase;
			buildActionMask = 2147483647;
			files = (
				0BF238452660C2F1007E48AC /* LaunchScreen.storyboard in Resources */,
				0BF238422660C2F1007E48AC /* Assets.xcassets in Resources */,
			);
			runOnlyForDeploymentPostprocessing = 0;
		};
/* End PBXResourcesBuildPhase section */

/* Begin PBXShellScriptBuildPhase section */
		7E38BDD2A5DCCA955534E197 /* [CP] Check Pods Manifest.lock */ = {
			isa = PBXShellScriptBuildPhase;
			buildActionMask = 2147483647;
			files = (
			);
			inputFileListPaths = (
			);
			inputPaths = (
				"${PODS_PODFILE_DIR_PATH}/Podfile.lock",
				"${PODS_ROOT}/Manifest.lock",
			);
			name = "[CP] Check Pods Manifest.lock";
			outputFileListPaths = (
			);
			outputPaths = (
				"$(DERIVED_FILE_DIR)/Pods-DogPicture-checkManifestLockResult.txt",
			);
			runOnlyForDeploymentPostprocessing = 0;
			shellPath = /bin/sh;
			shellScript = "diff \"${PODS_PODFILE_DIR_PATH}/Podfile.lock\" \"${PODS_ROOT}/Manifest.lock\" > /dev/null\nif [ $? != 0 ] ; then\n    # print error to STDERR\n    echo \"error: The sandbox is not in sync with the Podfile.lock. Run 'pod install' or update your CocoaPods installation.\" >&2\n    exit 1\nfi\n# This output is used by Xcode 'outputs' to avoid re-running this script phase.\necho \"SUCCESS\" > \"${SCRIPT_OUTPUT_FILE_0}\"\n";
			showEnvVarsInLog = 0;
		};
		ED58E8449DCB65415197F3A9 /* [CP] Embed Pods Frameworks */ = {
			isa = PBXShellScriptBuildPhase;
			buildActionMask = 2147483647;
			files = (
			);
			inputFileListPaths = (
				"${PODS_ROOT}/Target Support Files/Pods-DogPicture/Pods-DogPicture-frameworks-${CONFIGURATION}-input-files.xcfilelist",
			);
			name = "[CP] Embed Pods Frameworks";
			outputFileListPaths = (
				"${PODS_ROOT}/Target Support Files/Pods-DogPicture/Pods-DogPicture-frameworks-${CONFIGURATION}-output-files.xcfilelist",
			);
			runOnlyForDeploymentPostprocessing = 0;
			shellPath = /bin/sh;
			shellScript = "\"${PODS_ROOT}/Target Support Files/Pods-DogPicture/Pods-DogPicture-frameworks.sh\"\n";
			showEnvVarsInLog = 0;
		};
/* End PBXShellScriptBuildPhase section */

/* Begin PBXSourcesBuildPhase section */
		0BF2382E2660C2EE007E48AC /* Sources */ = {
			isa = PBXSourcesBuildPhase;
			buildActionMask = 2147483647;
			files = (
				0BE0C43B27303A8200BE558C /* InitRouter.swift in Sources */,
				0BF2385B2660D667007E48AC /* MemoViewPresenter.swift in Sources */,
				0B9F641E2714614100CF3F0C /* NotificationHelper.swift in Sources */,
				0BE0C43327303A4300BE558C /* InitViewController.swift in Sources */,
				0BD7857127522B5200E3DB1C /* CreateProtocol.swift in Sources */,
				0BE0C42E2730219400BE558C /* SecondViewController.swift in Sources */,
				0BB27ECB271D942900721A5F /* DisMissAnimation.swift in Sources */,
				0B9F63EA270DDBF400CF3F0C /* LocalPushPresenter.swift in Sources */,
				0BB27EE2272268E300721A5F /* SideMenuPresenter.swift in Sources */,
				0BF238552660D5FE007E48AC /* HomeViewRouter.swift in Sources */,
				0BE0C46827329C1C00BE558C /* Model+CoreDataProperties.swift in Sources */,
				0BB27ECD2720316D00721A5F /* HomeProfileViewCell.swift in Sources */,
				0BD2208A26E776B10064A8F6 /* HomeTableViewCell.swift in Sources */,
				0B51B20026A8210E00216054 /* CameraInteracter.swift in Sources */,
				0BEAF9E62717F9FF008AAA3D /* AnimationTransition.swift in Sources */,
				0B9F63E8270DDB8E00CF3F0C /* LocalPushInteracter.swift in Sources */,
				0BF2384F2660D5BE007E48AC /* HomeViewController.swift in Sources */,
				0BF238592660D64D007E48AC /* MemoViewController.swift in Sources */,
				0BB27EE62722690800721A5F /* SideMenuInteractor.swift in Sources */,
				0BE0C484274BB24100BE558C /* MainPresenter.swift in Sources */,
				0BF2385D2660D693007E48AC /* MemoViewRouter.swift in Sources */,
				0B73461526861D98007CE6CF /* SettingPresenter.swift in Sources */,
				0B9F63F8270E911700CF3F0C /* ProfileInteracter.swift in Sources */,
				0B9F63EE270DDC1800CF3F0C /* LocalPushRouter.swift in Sources */,
				0BE0C43927303A7800BE558C /* InitInteracter.swift in Sources */,
				0BB27ED227217EB100721A5F /* SideMenuViewController.swift in Sources */,
				0BE0C4302730270500BE558C /* ThirdViewController.swift in Sources */,
				0B2DFE3226F0CB6F002D533B /* PreviewViewController.swift in Sources */,
				0B51B20126A8210E00216054 /* CameraProtocol.swift in Sources */,
				0BE0C46527329C1C00BE558C /* DogInfo+CoreDataClass.swift in Sources */,
				0B734631268CA2C7007CE6CF /* CustomTabBarController.swift in Sources */,
				0BE0C4712743EA1C00BE558C /* CreateViewController.swift in Sources */,
				0BB27EE92726EA1B00721A5F /* HomeEventCell.swift in Sources */,
				0BE0C479274BAA9600BE558C /* CollectionPresenter.swift in Sources */,
				0BF2385F2660D6A6007E48AC /* MemoViewProtocol.swift in Sources */,
				0BE0C47D274BAABF00BE558C /* CollectionInteracter.swift in Sources */,
				0BD7856F27522B4900E3DB1C /* CreateInteractor.swift in Sources */,
				0BF238612660D6CE007E48AC /* MemoViewInteracter.swift in Sources */,
				0B2DFE3626F0CB9C002D533B /* PreviewProtocol.swift in Sources */,
				0B51B1FE26A8210E00216054 /* CameraViewController.swift in Sources */,
				0BF238402660C2EE007E48AC /* DogPicture.xcdatamodeld in Sources */,
				0B9F63F4270E910000CF3F0C /* ProfileProtocol.swift in Sources */,
				0BE0C42C27301FB200BE558C /* FirstViewController.swift in Sources */,
				0B2DFE3826F0CBAB002D533B /* PreviewRouter.swift in Sources */,
				0B9F63F0270E909700CF3F0C /* ProfileViewController.swift in Sources */,
				0BE0C482274BB17C00BE558C /* MainViewController.swift in Sources */,
				0B657DDD270D9D9E009323E9 /* DogInfoDatabaseHelper.swift in Sources */,
				0BF238362660C2EE007E48AC /* AppDelegate.swift in Sources */,
				0BE0C47B274BAAA200BE558C /* CollectionProtocol.swift in Sources */,
				0BE0C477274BAA3F00BE558C /* CollectionViewController.swift in Sources */,
				0BB27EDE27225E6F00721A5F /* SideMenuCell.swift in Sources */,
				0BF238532660D5EE007E48AC /* HomeProtocol.swift in Sources */,
				0BE0C43727303A6B00BE558C /* InitPresenter.swift in Sources */,
				0BE0C46727329C1C00BE558C /* Model+CoreDataClass.swift in Sources */,
				0BE0C488274BB25300BE558C /* MainProtocol.swift in Sources */,
				0BE0C46D27425EA200BE558C /* Extensions.swift in Sources */,
				0B73461326861D87007CE6CF /* SettingProtocol.swift in Sources */,
				0B9F63F6270E910D00CF3F0C /* ProfileRouter.swift in Sources */,
				0BB27EE4272268F300721A5F /* SideMenuRouter.swift in Sources */,
				0BB27ECF2721005E00721A5F /* HomeFooterCell.swift in Sources */,
				0BB27EE0272268C200721A5F /* SideMenuProtocol.swift in Sources */,
				0BD7857327522B5C00E3DB1C /* CreateRouter.swift in Sources */,
				0B73460F26861D62007CE6CF /* SettingViewController.swift in Sources */,
				0B2DFE3426F0CB8B002D533B /* PreviewPresenter.swift in Sources */,
				0B2DFE3A26F0CBBD002D533B /* PreviewInteracter.swift in Sources */,
				0B51B20226A8210E00216054 /* CameraPresenter.swift in Sources */,
				0B2DFE3C26F70538002D533B /* ModelDatabaseHelper.swift in Sources */,
				0BE0C490274D29ED00BE558C /* PinchViewController.swift in Sources */,
				0BE0C48A274BB25D00BE558C /* MainRouter.swift in Sources */,
				0BF238572660D628007E48AC /* HomeInteracter.swift in Sources */,
				0BE0C486274BB24900BE558C /* MainInteracter.swift in Sources */,
				0B51B1FF26A8210E00216054 /* CameraRouter.swift in Sources */,
				0BE0C43527303A5500BE558C /* InitProtocol.swift in Sources */,
				0BF238512660D5DD007E48AC /* HomePresenter.swift in Sources */,
				0BE0C46627329C1C00BE558C /* DogInfo+CoreDataProperties.swift in Sources */,
				0BB70AD22758F946003956DC /* PreviewCollectionViewCell.swift in Sources */,
				0B9F63EC270DDC0400CF3F0C /* LocalPushProtocol.swift in Sources */,
				0BD7856D27522B2D00E3DB1C /* CreatePresenter.swift in Sources */,
				0BE0C42A27301BB500BE558C /* TutorialViewController.swift in Sources */,
				0BE0C48C274BCD2E00BE558C /* CollectionViewCell.swift in Sources */,
				0B9F63E6270DDB4F00CF3F0C /* LocalPushViewController.swift in Sources */,
				0B73461126861D76007CE6CF /* SettingInteracter.swift in Sources */,
				0B73461826861DB5007CE6CF /* SettingRouter.swift in Sources */,
				0BF238382660C2EE007E48AC /* SceneDelegate.swift in Sources */,
				0BE0C47F274BAAD600BE558C /* CollectionRouter.swift in Sources */,
				0B9F63F2270E90BC00CF3F0C /* ProfilePresenter.swift in Sources */,
			);
			runOnlyForDeploymentPostprocessing = 0;
		};
/* End PBXSourcesBuildPhase section */

/* Begin PBXVariantGroup section */
		0BF238432660C2F1007E48AC /* LaunchScreen.storyboard */ = {
			isa = PBXVariantGroup;
			children = (
				0BF238442660C2F1007E48AC /* Base */,
			);
			name = LaunchScreen.storyboard;
			sourceTree = "<group>";
		};
/* End PBXVariantGroup section */

/* Begin XCBuildConfiguration section */
		0BF238472660C2F1007E48AC /* Debug */ = {
			isa = XCBuildConfiguration;
			buildSettings = {
				ALWAYS_SEARCH_USER_PATHS = NO;
				CLANG_ANALYZER_NONNULL = YES;
				CLANG_ANALYZER_NUMBER_OBJECT_CONVERSION = YES_AGGRESSIVE;
				CLANG_CXX_LANGUAGE_STANDARD = "gnu++14";
				CLANG_CXX_LIBRARY = "libc++";
				CLANG_ENABLE_MODULES = YES;
				CLANG_ENABLE_OBJC_ARC = YES;
				CLANG_ENABLE_OBJC_WEAK = YES;
				CLANG_WARN_BLOCK_CAPTURE_AUTORELEASING = YES;
				CLANG_WARN_BOOL_CONVERSION = YES;
				CLANG_WARN_COMMA = YES;
				CLANG_WARN_CONSTANT_CONVERSION = YES;
				CLANG_WARN_DEPRECATED_OBJC_IMPLEMENTATIONS = YES;
				CLANG_WARN_DIRECT_OBJC_ISA_USAGE = YES_ERROR;
				CLANG_WARN_DOCUMENTATION_COMMENTS = YES;
				CLANG_WARN_EMPTY_BODY = YES;
				CLANG_WARN_ENUM_CONVERSION = YES;
				CLANG_WARN_INFINITE_RECURSION = YES;
				CLANG_WARN_INT_CONVERSION = YES;
				CLANG_WARN_NON_LITERAL_NULL_CONVERSION = YES;
				CLANG_WARN_OBJC_IMPLICIT_RETAIN_SELF = YES;
				CLANG_WARN_OBJC_LITERAL_CONVERSION = YES;
				CLANG_WARN_OBJC_ROOT_CLASS = YES_ERROR;
				CLANG_WARN_QUOTED_INCLUDE_IN_FRAMEWORK_HEADER = YES;
				CLANG_WARN_RANGE_LOOP_ANALYSIS = YES;
				CLANG_WARN_STRICT_PROTOTYPES = YES;
				CLANG_WARN_SUSPICIOUS_MOVE = YES;
				CLANG_WARN_UNGUARDED_AVAILABILITY = YES_AGGRESSIVE;
				CLANG_WARN_UNREACHABLE_CODE = YES;
				CLANG_WARN__DUPLICATE_METHOD_MATCH = YES;
				COPY_PHASE_STRIP = NO;
				DEBUG_INFORMATION_FORMAT = dwarf;
				ENABLE_STRICT_OBJC_MSGSEND = YES;
				ENABLE_TESTABILITY = YES;
				GCC_C_LANGUAGE_STANDARD = gnu11;
				GCC_DYNAMIC_NO_PIC = NO;
				GCC_NO_COMMON_BLOCKS = YES;
				GCC_OPTIMIZATION_LEVEL = 0;
				GCC_PREPROCESSOR_DEFINITIONS = (
					"DEBUG=1",
					"$(inherited)",
				);
				GCC_WARN_64_TO_32_BIT_CONVERSION = YES;
				GCC_WARN_ABOUT_RETURN_TYPE = YES_ERROR;
				GCC_WARN_UNDECLARED_SELECTOR = YES;
				GCC_WARN_UNINITIALIZED_AUTOS = YES_AGGRESSIVE;
				GCC_WARN_UNUSED_FUNCTION = YES;
				GCC_WARN_UNUSED_VARIABLE = YES;
				IPHONEOS_DEPLOYMENT_TARGET = 13.0;
				MTL_ENABLE_DEBUG_INFO = INCLUDE_SOURCE;
				MTL_FAST_MATH = YES;
				ONLY_ACTIVE_ARCH = YES;
				SDKROOT = iphoneos;
				SWIFT_ACTIVE_COMPILATION_CONDITIONS = DEBUG;
				SWIFT_OPTIMIZATION_LEVEL = "-Onone";
			};
			name = Debug;
		};
		0BF238482660C2F1007E48AC /* Release */ = {
			isa = XCBuildConfiguration;
			buildSettings = {
				ALWAYS_SEARCH_USER_PATHS = NO;
				CLANG_ANALYZER_NONNULL = YES;
				CLANG_ANALYZER_NUMBER_OBJECT_CONVERSION = YES_AGGRESSIVE;
				CLANG_CXX_LANGUAGE_STANDARD = "gnu++14";
				CLANG_CXX_LIBRARY = "libc++";
				CLANG_ENABLE_MODULES = YES;
				CLANG_ENABLE_OBJC_ARC = YES;
				CLANG_ENABLE_OBJC_WEAK = YES;
				CLANG_WARN_BLOCK_CAPTURE_AUTORELEASING = YES;
				CLANG_WARN_BOOL_CONVERSION = YES;
				CLANG_WARN_COMMA = YES;
				CLANG_WARN_CONSTANT_CONVERSION = YES;
				CLANG_WARN_DEPRECATED_OBJC_IMPLEMENTATIONS = YES;
				CLANG_WARN_DIRECT_OBJC_ISA_USAGE = YES_ERROR;
				CLANG_WARN_DOCUMENTATION_COMMENTS = YES;
				CLANG_WARN_EMPTY_BODY = YES;
				CLANG_WARN_ENUM_CONVERSION = YES;
				CLANG_WARN_INFINITE_RECURSION = YES;
				CLANG_WARN_INT_CONVERSION = YES;
				CLANG_WARN_NON_LITERAL_NULL_CONVERSION = YES;
				CLANG_WARN_OBJC_IMPLICIT_RETAIN_SELF = YES;
				CLANG_WARN_OBJC_LITERAL_CONVERSION = YES;
				CLANG_WARN_OBJC_ROOT_CLASS = YES_ERROR;
				CLANG_WARN_QUOTED_INCLUDE_IN_FRAMEWORK_HEADER = YES;
				CLANG_WARN_RANGE_LOOP_ANALYSIS = YES;
				CLANG_WARN_STRICT_PROTOTYPES = YES;
				CLANG_WARN_SUSPICIOUS_MOVE = YES;
				CLANG_WARN_UNGUARDED_AVAILABILITY = YES_AGGRESSIVE;
				CLANG_WARN_UNREACHABLE_CODE = YES;
				CLANG_WARN__DUPLICATE_METHOD_MATCH = YES;
				COPY_PHASE_STRIP = NO;
				DEBUG_INFORMATION_FORMAT = "dwarf-with-dsym";
				ENABLE_NS_ASSERTIONS = NO;
				ENABLE_STRICT_OBJC_MSGSEND = YES;
				GCC_C_LANGUAGE_STANDARD = gnu11;
				GCC_NO_COMMON_BLOCKS = YES;
				GCC_WARN_64_TO_32_BIT_CONVERSION = YES;
				GCC_WARN_ABOUT_RETURN_TYPE = YES_ERROR;
				GCC_WARN_UNDECLARED_SELECTOR = YES;
				GCC_WARN_UNINITIALIZED_AUTOS = YES_AGGRESSIVE;
				GCC_WARN_UNUSED_FUNCTION = YES;
				GCC_WARN_UNUSED_VARIABLE = YES;
				IPHONEOS_DEPLOYMENT_TARGET = 13.0;
				MTL_ENABLE_DEBUG_INFO = NO;
				MTL_FAST_MATH = YES;
				SDKROOT = iphoneos;
				SWIFT_COMPILATION_MODE = wholemodule;
				SWIFT_OPTIMIZATION_LEVEL = "-O";
				VALIDATE_PRODUCT = YES;
			};
			name = Release;
		};
		0BF2384A2660C2F1007E48AC /* Debug */ = {
			isa = XCBuildConfiguration;
			baseConfigurationReference = 6719164F8D930F4F41189534 /* Pods-DogPicture.debug.xcconfig */;
			buildSettings = {
				ASSETCATALOG_COMPILER_APPICON_NAME = AppIcon;
				ASSETCATALOG_COMPILER_GLOBAL_ACCENT_COLOR_NAME = AccentColor;
				CODE_SIGN_STYLE = Automatic;
				DEVELOPMENT_TEAM = DAG6F8V8UR;
				INFOPLIST_FILE = DogPicture/Info.plist;
				LD_RUNPATH_SEARCH_PATHS = (
					"$(inherited)",
					"@executable_path/Frameworks",
				);
				PRODUCT_BUNDLE_IDENTIFIER = com.DogPicture;
				PRODUCT_NAME = "$(TARGET_NAME)";
				SWIFT_VERSION = 5.0;
				TARGETED_DEVICE_FAMILY = 1;
			};
			name = Debug;
		};
		0BF2384B2660C2F1007E48AC /* Release */ = {
			isa = XCBuildConfiguration;
			baseConfigurationReference = 73F0D253AF45C332428DC6CA /* Pods-DogPicture.release.xcconfig */;
			buildSettings = {
				ASSETCATALOG_COMPILER_APPICON_NAME = AppIcon;
				ASSETCATALOG_COMPILER_GLOBAL_ACCENT_COLOR_NAME = AccentColor;
				CODE_SIGN_STYLE = Automatic;
				DEVELOPMENT_TEAM = DAG6F8V8UR;
				INFOPLIST_FILE = DogPicture/Info.plist;
				LD_RUNPATH_SEARCH_PATHS = (
					"$(inherited)",
					"@executable_path/Frameworks",
				);
				PRODUCT_BUNDLE_IDENTIFIER = com.DogPicture;
				PRODUCT_NAME = "$(TARGET_NAME)";
				SWIFT_VERSION = 5.0;
				TARGETED_DEVICE_FAMILY = 1;
			};
			name = Release;
		};
/* End XCBuildConfiguration section */

/* Begin XCConfigurationList section */
		0BF2382D2660C2EE007E48AC /* Build configuration list for PBXProject "DogPicture" */ = {
			isa = XCConfigurationList;
			buildConfigurations = (
				0BF238472660C2F1007E48AC /* Debug */,
				0BF238482660C2F1007E48AC /* Release */,
			);
			defaultConfigurationIsVisible = 0;
			defaultConfigurationName = Release;
		};
		0BF238492660C2F1007E48AC /* Build configuration list for PBXNativeTarget "DogPicture" */ = {
			isa = XCConfigurationList;
			buildConfigurations = (
				0BF2384A2660C2F1007E48AC /* Debug */,
				0BF2384B2660C2F1007E48AC /* Release */,
			);
			defaultConfigurationIsVisible = 0;
			defaultConfigurationName = Release;
		};
/* End XCConfigurationList section */

/* Begin XCVersionGroup section */
		0BF2383E2660C2EE007E48AC /* DogPicture.xcdatamodeld */ = {
			isa = XCVersionGroup;
			children = (
				0BF2383F2660C2EE007E48AC /* DogPicture.xcdatamodel */,
			);
			currentVersion = 0BF2383F2660C2EE007E48AC /* DogPicture.xcdatamodel */;
			path = DogPicture.xcdatamodeld;
			sourceTree = "<group>";
			versionGroupType = wrapper.xcdatamodel;
		};
/* End XCVersionGroup section */
	};
	rootObject = 0BF2382A2660C2EE007E48AC /* Project object */;
}
